
Microsoft Visual Studio Solution File, Format Version 12.00
# Visual Studio 14
VisualStudioVersion = 14.0.25123.0
MinimumVisualStudioVersion = 10.0.40219.1
Project("{FAE04EC0-301F-11D3-BF4B-00C04F79EFBC}") = "Interface", "Interface\Interface.csproj", "{A5AC2421-CDB6-4285-A854-8BBAAFAAFF62}"
	ProjectSection(ProjectDependencies) = postProject
		{670863B2-CBB3-4F7B-9595-D8D77ED034D3} = {670863B2-CBB3-4F7B-9595-D8D77ED034D3}
	EndProjectSection
EndProject
Project("{FAE04EC0-301F-11D3-BF4B-00C04F79EFBC}") = "BuildSteps", "BuildSteps\BuildSteps.csproj", "{670863B2-CBB3-4F7B-9595-D8D77ED034D3}"
EndProject
Project("{FAE04EC0-301F-11D3-BF4B-00C04F79EFBC}") = "UpdateLib", "UpdateLib\UpdateLib.csproj", "{B9513F1D-DA27-4BD1-B2A5-A2482D439861}"
EndProject
Project("{FAE04EC0-301F-11D3-BF4B-00C04F79EFBC}") = "Server", "Server\Server.csproj", "{FB16B125-B082-4906-B3FA-82FA4BC4D2F8}"
EndProject
Project("{54435603-DBB4-11D2-8724-00A0C9A8B90C}") = "LauncherSetup", "LauncherSetup\LauncherSetup.vdproj", "{45372237-DD88-4399-83C1-D99CBEE54F16}"
EndProject
Project("{FAE04EC0-301F-11D3-BF4B-00C04F79EFBC}") = "LaunchFromProgramData", "LaunchFromProgramData\LaunchFromProgramData.csproj", "{B0BC7D23-B6F9-4023-A351-A8DCC1A753AD}"
EndProject
Project("{FAE04EC0-301F-11D3-BF4B-00C04F79EFBC}") = "InstallerExtras", "PermissionFix\InstallerExtras.csproj", "{B4C5BAA5-180A-4EB8-9DB5-90470490BF62}"
EndProject
Global
	GlobalSection(SolutionConfigurationPlatforms) = preSolution
		Debug|Any CPU = Debug|Any CPU
		Release|Any CPU = Release|Any CPU
	EndGlobalSection
	GlobalSection(ProjectConfigurationPlatforms) = postSolution
		{A5AC2421-CDB6-4285-A854-8BBAAFAAFF62}.Debug|Any CPU.ActiveCfg = Debug|Any CPU
		{A5AC2421-CDB6-4285-A854-8BBAAFAAFF62}.Debug|Any CPU.Build.0 = Debug|Any CPU
		{A5AC2421-CDB6-4285-A854-8BBAAFAAFF62}.Release|Any CPU.ActiveCfg = Release|Any CPU
		{A5AC2421-CDB6-4285-A854-8BBAAFAAFF62}.Release|Any CPU.Build.0 = Release|Any CPU
		{670863B2-CBB3-4F7B-9595-D8D77ED034D3}.Debug|Any CPU.ActiveCfg = Debug|Any CPU
		{670863B2-CBB3-4F7B-9595-D8D77ED034D3}.Debug|Any CPU.Build.0 = Debug|Any CPU
		{670863B2-CBB3-4F7B-9595-D8D77ED034D3}.Release|Any CPU.ActiveCfg = Release|Any CPU
		{670863B2-CBB3-4F7B-9595-D8D77ED034D3}.Release|Any CPU.Build.0 = Release|Any CPU
		{B9513F1D-DA27-4BD1-B2A5-A2482D439861}.Debug|Any CPU.ActiveCfg = Debug|Any CPU
		{B9513F1D-DA27-4BD1-B2A5-A2482D439861}.Debug|Any CPU.Build.0 = Debug|Any CPU
		{B9513F1D-DA27-4BD1-B2A5-A2482D439861}.Release|Any CPU.ActiveCfg = Release|Any CPU
		{B9513F1D-DA27-4BD1-B2A5-A2482D439861}.Release|Any CPU.Build.0 = Release|Any CPU
		{FB16B125-B082-4906-B3FA-82FA4BC4D2F8}.Debug|Any CPU.ActiveCfg = Debug|Any CPU
		{FB16B125-B082-4906-B3FA-82FA4BC4D2F8}.Debug|Any CPU.Build.0 = Debug|Any CPU
		{FB16B125-B082-4906-B3FA-82FA4BC4D2F8}.Release|Any CPU.ActiveCfg = Release|Any CPU
		{FB16B125-B082-4906-B3FA-82FA4BC4D2F8}.Release|Any CPU.Build.0 = Release|Any CPU
		{45372237-DD88-4399-83C1-D99CBEE54F16}.Debug|Any CPU.ActiveCfg = Debug
		{45372237-DD88-4399-83C1-D99CBEE54F16}.Release|Any CPU.ActiveCfg = Release
		{B0BC7D23-B6F9-4023-A351-A8DCC1A753AD}.Debug|Any CPU.ActiveCfg = Debug|Any CPU
		{B0BC7D23-B6F9-4023-A351-A8DCC1A753AD}.Debug|Any CPU.Build.0 = Debug|Any CPU
		{B0BC7D23-B6F9-4023-A351-A8DCC1A753AD}.Release|Any CPU.ActiveCfg = Release|Any CPU
		{B0BC7D23-B6F9-4023-A351-A8DCC1A753AD}.Release|Any CPU.Build.0 = Release|Any CPU
		{B4C5BAA5-180A-4EB8-9DB5-90470490BF62}.Debug|Any CPU.ActiveCfg = Debug|Any CPU
		{B4C5BAA5-180A-4EB8-9DB5-90470490BF62}.Debug|Any CPU.Build.0 = Debug|Any CPU
		{B4C5BAA5-180A-4EB8-9DB5-90470490BF62}.Release|Any CPU.ActiveCfg = Release|Any CPU
		{B4C5BAA5-180A-4EB8-9DB5-90470490BF62}.Release|Any CPU.Build.0 = Release|Any CPU
	EndGlobalSection
	GlobalSection(SolutionProperties) = preSolution
		HideSolutionNode = FALSE
	EndGlobalSection
EndGlobal
